// !$*UTF8*$!
{
	archiveVersion = 1;
	classes = {
	};
	objectVersion = 46;
	objects = {

/* Begin PBXBuildFile section */
		B17C216C1E8136C50066CA8E /* main.m in Sources */ = {isa = PBXBuildFile; fileRef = B17C216B1E8136C50066CA8E /* main.m */; };
		B17C216F1E8136C50066CA8E /* AppDelegate.m in Sources */ = {isa = PBXBuildFile; fileRef = B17C216E1E8136C50066CA8E /* AppDelegate.m */; };
		B17C21721E8136C50066CA8E /* ViewController.m in Sources */ = {isa = PBXBuildFile; fileRef = B17C21711E8136C50066CA8E /* ViewController.m */; };
		B17C21751E8136C50066CA8E /* Main.storyboard in Resources */ = {isa = PBXBuildFile; fileRef = B17C21731E8136C50066CA8E /* Main.storyboard */; };
		B17C21771E8136C50066CA8E /* Assets.xcassets in Resources */ = {isa = PBXBuildFile; fileRef = B17C21761E8136C50066CA8E /* Assets.xcassets */; };
		B17C217A1E8136C50066CA8E /* LaunchScreen.storyboard in Resources */ = {isa = PBXBuildFile; fileRef = B17C21781E8136C50066CA8E /* LaunchScreen.storyboard */; };
/* End PBXBuildFile section */

/* Begin PBXFileReference section */
		B17C21671E8136C50066CA8E /* Verbat-Test-Grigo.app */ = {isa = PBXFileReference; explicitFileType = wrapper.application; includeInIndex = 0; path = "Verbat-Test-Grigo.app"; sourceTree = BUILT_PRODUCTS_DIR; };
		B17C216B1E8136C50066CA8E /* main.m */ = {isa = PBXFileReference; lastKnownFileType = sourcecode.c.objc; path = main.m; sourceTree = "<group>"; };
		B17C216D1E8136C50066CA8E /* AppDelegate.h */ = {isa = PBXFileReference; lastKnownFileType = sourcecode.c.h; path = AppDelegate.h; sourceTree = "<group>"; };
		B17C216E1E8136C50066CA8E /* AppDelegate.m */ = {isa = PBXFileReference; lastKnownFileType = sourcecode.c.objc; path = AppDelegate.m; sourceTree = "<group>"; };
		B17C21701E8136C50066CA8E /* ViewController.h */ = {isa = PBXFileReference; lastKnownFileType = sourcecode.c.h; path = ViewController.h; sourceTree = "<group>"; };
		B17C21711E8136C50066CA8E /* ViewController.m */ = {isa = PBXFileReference; lastKnownFileType = sourcecode.c.objc; path = ViewController.m; sourceTree = "<group>"; };
		B17C21741E8136C50066CA8E /* Base */ = {isa = PBXFileReference; lastKnownFileType = file.storyboard; name = Base; path = Base.lproj/Main.storyboard; sourceTree = "<group>"; };
		B17C21761E8136C50066CA8E /* Assets.xcassets */ = {isa = PBXFileReference; lastKnownFileType = folder.assetcatalog; path = Assets.xcassets; sourceTree = "<group>"; };
		B17C21791E8136C50066CA8E /* Base */ = {isa = PBXFileReference; lastKnownFileType = file.storyboard; name = Base; path = Base.lproj/LaunchScreen.storyboard; sourceTree = "<group>"; };
		B17C217B1E8136C50066CA8E /* Info.plist */ = {isa = PBXFileReference; lastKnownFileType = text.plist.xml; path = Info.plist; sourceTree = "<group>"; };
/* End PBXFileReference section */

/* Begin PBXFrameworksBuildPhase section */
		B17C21641E8136C50066CA8E /* Frameworks */ = {
			isa = PBXFrameworksBuildPhase;
			buildActionMask = 2147483647;
			files = (
			);
			runOnlyForDeploymentPostprocessing = 0;
		};
/* End PBXFrameworksBuildPhase section */

/* Begin PBXGroup section */
		B17C215E1E8136C40066CA8E = {
			isa = PBXGroup;
			children = (
				B17C21691E8136C50066CA8E /* Verbat-Test-Grigo */,
				B17C21681E8136C50066CA8E /* Products */,
			);
			sourceTree = "<group>";
		};
		B17C21681E8136C50066CA8E /* Products */ = {
			isa = PBXGroup;
			children = (
				B17C21671E8136C50066CA8E /* Verbat-Test-Grigo.app */,
			);
			name = Products;
			sourceTree = "<group>";
		};
		B17C21691E8136C50066CA8E /* Verbat-Test-Grigo */ = {
			isa = PBXGroup;
			children = (
				B17C216D1E8136C50066CA8E /* AppDelegate.h */,
				B17C216E1E8136C50066CA8E /* AppDelegate.m */,
				B17C21701E8136C50066CA8E /* ViewController.h */,
				B17C21711E8136C50066CA8E /* ViewController.m */,
				B17C21731E8136C50066CA8E /* Main.storyboard */,
				B17C21761E8136C50066CA8E /* Assets.xcassets */,
				B17C21781E8136C50066CA8E /* LaunchScreen.storyboard */,
				B17C217B1E8136C50066CA8E /* Info.plist */,
				B17C216A1E8136C50066CA8E /* Supporting Files */,
			);
			path = "Verbat-Test-Grigo";
			sourceTree = "<group>";
		};
		B17C216A1E8136C50066CA8E /* Supporting Files */ = {
			isa = PBXGroup;
			children = (
				B17C216B1E8136C50066CA8E /* main.m */,
			);
			name = "Supporting Files";
			sourceTree = "<group>";
		};
/* End PBXGroup section */

/* Begin PBXNativeTarget section */
		B17C21661E8136C50066CA8E /* Verbat-Test-Grigo */ = {
			isa = PBXNativeTarget;
			buildConfigurationList = B17C217E1E8136C50066CA8E /* Build configuration list for PBXNativeTarget "Verbat-Test-Grigo" */;
			buildPhases = (
				B17C21631E8136C50066CA8E /* Sources */,
				B17C21641E8136C50066CA8E /* Frameworks */,
				B17C21651E8136C50066CA8E /* Resources */,
			);
			buildRules = (
			);
			dependencies = (
			);
			name = "Verbat-Test-Grigo";
			productName = "Verbat-Test-Grigo";
			productReference = B17C21671E8136C50066CA8E /* Verbat-Test-Grigo.app */;
			productType = "com.apple.product-type.application";
		};
/* End PBXNativeTarget section */

/* Begin PBXProject section */
		B17C215F1E8136C40066CA8E /* Project object */ = {
			isa = PBXProject;
			attributes = {
				LastUpgradeCheck = 0820;
				ORGANIZATIONNAME = "GM Solutions";
				TargetAttributes = {
					B17C21661E8136C50066CA8E = {
						CreatedOnToolsVersion = 8.2.1;
						DevelopmentTeam = 9738N9JH77;
						ProvisioningStyle = Automatic;
					};
				};
			};
			buildConfigurationList = B17C21621E8136C40066CA8E /* Build configuration list for PBXProject "Verbat-Test-Grigo" */;
			compatibilityVersion = "Xcode 3.2";
			developmentRegion = English;
			hasScannedForEncodings = 0;
			knownRegions = (
				en,
				Base,
			);
			mainGroup = B17C215E1E8136C40066CA8E;
			productRefGroup = B17C21681E8136C50066CA8E /* Products */;
			projectDirPath = "";
			projectRoot = "";
			targets = (
				B17C21661E8136C50066CA8E /* Verbat-Test-Grigo */,
			);
		};
/* End PBXProject section */

/* Begin PBXResourcesBuildPhase section */
		B17C21651E8136C50066CA8E /* Resources */ = {
			isa = PBXResourcesBuildPhase;
			buildActionMask = 2147483647;
			files = (
				B17C217A1E8136C50066CA8E /* LaunchScreen.storyboard in Resources */,
				B17C21771E8136C50066CA8E /* Assets.xcassets in Resources */,
				B17C21751E8136C50066CA8E /* Main.storyboard in Resources */,
			);
			runOnlyForDeploymentPostprocessing = 0;
		};
/* End PBXResourcesBuildPhase section */

/* Begin PBXSourcesBuildPhase section */
		B17C21631E8136C50066CA8E /* Sources */ = {
			isa = PBXSourcesBuildPhase;
			buildActionMask = 2147483647;
			files = (
				B17C21721E8136C50066CA8E /* ViewController.m in Sources */,
				B17C216F1E8136C50066CA8E /* AppDelegate.m in Sources */,
				B17C216C1E8136C50066CA8E /* main.m in Sources */,
			);
			runOnlyForDeploymentPostprocessing = 0;
		};
/* End PBXSourcesBuildPhase section */

/* Begin PBXVariantGroup section */
		B17C21731E8136C50066CA8E /* Main.storyboard */ = {
			isa = PBXVariantGroup;
			children = (
				B17C21741E8136C50066CA8E /* Base */,
			);
			name = Main.storyboard;
			sourceTree = "<group>";
		};
		B17C21781E8136C50066CA8E /* LaunchScreen.storyboard */ = {
			isa = PBXVariantGroup;
			children = (
				B17C21791E8136C50066CA8E /* Base */,
			);
			name = LaunchScreen.storyboard;
			sourceTree = "<group>";
		};
/* End PBXVariantGroup section */

/* Begin XCBuildConfiguration section */
		B17C217C1E8136C50066CA8E /* Debug */ = {
			isa = XCBuildConfiguration;
			buildSettings = {
				ALWAYS_SEARCH_USER_PATHS = NO;
				CLANG_ANALYZER_NONNULL = YES;
				CLANG_CXX_LANGUAGE_STANDARD = "gnu++0x";
				CLANG_CXX_LIBRARY = "libc++";
				CLANG_ENABLE_MODULES = YES;
				CLANG_ENABLE_OBJC_ARC = YES;
				CLANG_WARN_BOOL_CONVERSION = YES;
				CLANG_WARN_CONSTANT_CONVERSION = YES;
				CLANG_WARN_DIRECT_OBJC_ISA_USAGE = YES_ERROR;
				CLANG_WARN_DOCUMENTATION_COMMENTS = YES;
				CLANG_WARN_EMPTY_BODY = YES;
				CLANG_WARN_ENUM_CONVERSION = YES;
				CLANG_WARN_INFINITE_RECURSION = YES;
				CLANG_WARN_INT_CONVERSION = YES;
				CLANG_WARN_OBJC_ROOT_CLASS = YES_ERROR;
				CLANG_WARN_SUSPICIOUS_MOVE = YES;
				CLANG_WARN_UNREACHABLE_CODE = YES;
				CLANG_WARN__DUPLICATE_METHOD_MATCH = YES;
				"CODE_SIGN_IDENTITY[sdk=iphoneos*]" = "iPhone Developer";
				COPY_PHASE_STRIP = NO;
				DEBUG_INFORMATION_FORMAT = dwarf;
				ENABLE_STRICT_OBJC_MSGSEND = YES;
				ENABLE_TESTABILITY = YES;
				GCC_C_LANGUAGE_STANDARD = gnu99;
				GCC_DYNAMIC_NO_PIC = NO;
				GCC_NO_COMMON_BLOCKS = YES;
				GCC_OPTIMIZATION_LEVEL = 0;
				GCC_PREPROCESSOR_DEFINITIONS = (
					"DEBUG=1",
					"$(inherited)",
				);
				GCC_WARN_64_TO_32_BIT_CONVERSION = YES;
				GCC_WARN_ABOUT_RETURN_TYPE = YES_ERROR;
				GCC_WARN_UNDECLARED_SELECTOR = YES;
				GCC_WARN_UNINITIALIZED_AUTOS = YES_AGGRESSIVE;
				GCC_WARN_UNUSED_FUNCTION = YES;
				GCC_WARN_UNUSED_VARIABLE = YES;
				IPHONEOS_DEPLOYMENT_TARGET = 10.2;
				MTL_ENABLE_DEBUG_INFO = YES;
				ONLY_ACTIVE_ARCH = YES;
				SDKROOT = iphoneos;
			};
			name = Debug;
		};
		B17C217D1E8136C50066CA8E /* Release */ = {
			isa = XCBuildConfiguration;
			buildSettings = {
				ALWAYS_SEARCH_USER_PATHS = NO;
				CLANG_ANALYZER_NONNULL = YES;
				CLANG_CXX_LANGUAGE_STANDARD = "gnu++0x";
				CLANG_CXX_LIBRARY = "libc++";
				CLANG_ENABLE_MODULES = YES;
				CLANG_ENABLE_OBJC_ARC = YES;
				CLANG_WARN_BOOL_CONVERSION = YES;
				CLANG_WARN_CONSTANT_CONVERSION = YES;
				CLANG_WARN_DIRECT_OBJC_ISA_USAGE = YES_ERROR;
				CLANG_WARN_DOCUMENTATION_COMMENTS = YES;
				CLANG_WARN_EMPTY_BODY = YES;
				CLANG_WARN_ENUM_CONVERSION = YES;
				CLANG_WARN_INFINITE_RECURSION = YES;
				CLANG_WARN_INT_CONVERSION = YES;
				CLANG_WARN_OBJC_ROOT_CLASS = YES_ERROR;
				CLANG_WARN_SUSPICIOUS_MOVE = YES;
				CLANG_WARN_UNREACHABLE_CODE = YES;
				CLANG_WARN__DUPLICATE_METHOD_MATCH = YES;
				"CODE_SIGN_IDENTITY[sdk=iphoneos*]" = "iPhone Developer";
				COPY_PHASE_STRIP = NO;
				DEBUG_INFORMATION_FORMAT = "dwarf-with-dsym";
				ENABLE_NS_ASSERTIONS = NO;
				ENABLE_STRICT_OBJC_MSGSEND = YES;
				GCC_C_LANGUAGE_STANDARD = gnu99;
				GCC_NO_COMMON_BLOCKS = YES;
				GCC_WARN_64_TO_32_BIT_CONVERSION = YES;
				GCC_WARN_ABOUT_RETURN_TYPE = YES_ERROR;
				GCC_WARN_UNDECLARED_SELECTOR = YES;
				GCC_WARN_UNINITIALIZED_AUTOS = YES_AGGRESSIVE;
				GCC_WARN_UNUSED_FUNCTION = YES;
				GCC_WARN_UNUSED_VARIABLE = YES;
				IPHONEOS_DEPLOYMENT_TARGET = 10.2;
				MTL_ENABLE_DEBUG_INFO = NO;
				SDKROOT = iphoneos;
				VALIDATE_PRODUCT = YES;
			};
			name = Release;
		};
		B17C217F1E8136C50066CA8E /* Debug */ = {
			isa = XCBuildConfiguration;
			buildSettings = {
				ASSETCATALOG_COMPILER_APPICON_NAME = AppIcon;
				DEVELOPMENT_TEAM = 9738N9JH77;
				INFOPLIST_FILE = "Verbat-Test-Grigo/Info.plist";
				LD_RUNPATH_SEARCH_PATHS = "$(inherited) @executable_path/Frameworks";
				PRODUCT_BUNDLE_IDENTIFIER = "com.GM.Verbat-Test-Grigo";
				PRODUCT_NAME = "$(TARGET_NAME)";
			};
			name = Debug;
		};
		B17C21801E8136C50066CA8E /* Release */ = {
			isa = XCBuildConfiguration;
			buildSettings = {
				ASSETCATALOG_COMPILER_APPICON_NAME = AppIcon;
				DEVELOPMENT_TEAM = 9738N9JH77;
				INFOPLIST_FILE = "Verbat-Test-Grigo/Info.plist";
				LD_RUNPATH_SEARCH_PATHS = "$(inherited) @executable_path/Frameworks";
				PRODUCT_BUNDLE_IDENTIFIER = "com.GM.Verbat-Test-Grigo";
				PRODUCT_NAME = "$(TARGET_NAME)";
			};
			name = Release;
		};
/* End XCBuildConfiguration section */

/* Begin XCConfigurationList section */
		B17C21621E8136C40066CA8E /* Build configuration list for PBXProject "Verbat-Test-Grigo" */ = {
			isa = XCConfigurationList;
			buildConfigurations = (
				B17C217C1E8136C50066CA8E /* Debug */,
				B17C217D1E8136C50066CA8E /* Release */,
			);
			defaultConfigurationIsVisible = 0;
			defaultConfigurationName = Release;
		};
		B17C217E1E8136C50066CA8E /* Build configuration list for PBXNativeTarget "Verbat-Test-Grigo" */ = {
			isa = XCConfigurationList;
			buildConfigurations = (
				B17C217F1E8136C50066CA8E /* Debug */,
				B17C21801E8136C50066CA8E /* Release */,
			);
			defaultConfigurationIsVisible = 0;
		};
/* End XCConfigurationList section */
	};
	rootObject = B17C215F1E8136C40066CA8E /* Project object */;
}
